
Microsoft Visual Studio Solution File, Format Version 12.00
# Visual Studio Version 17
VisualStudioVersion = 17.3.32708.82
MinimumVisualStudioVersion = 10.0.40219.1
Project("{FAE04EC0-301F-11D3-BF4B-00C04F79EFBC}") = "HelloCS", "HelloCS\HelloCS.csproj", "{B7DAFB1B-4F63-4B8D-BE7C-10F260C921EC}"
EndProject
Project("{FAE04EC0-301F-11D3-BF4B-00C04F79EFBC}") = "TopLevelProgram", "TopLevelProgram\TopLevelProgram.csproj", "{6E725A25-9674-4EDC-AB87-16EB9D496564}"
EndProject
Global
	GlobalSection(SolutionConfigurationPlatforms) = preSolution
		Debug|Any CPU = Debug|Any CPU
		Release|Any CPU = Release|Any CPU
	EndGlobalSection
	GlobalSection(ProjectConfigurationPlatforms) = postSolution
		{B7DAFB1B-4F63-4B8D-BE7C-10F260C921EC}.Debug|Any CPU.ActiveCfg = Debug|Any CPU
		{B7DAFB1B-4F63-4B8D-BE7C-10F260C921EC}.Debug|Any CPU.Build.0 = Debug|Any CPU
		{B7DAFB1B-4F63-4B8D-BE7C-10F260C921EC}.Release|Any CPU.ActiveCfg = Release|Any CPU
		{B7DAFB1B-4F63-4B8D-BE7C-10F260C921EC}.Release|Any CPU.Build.0 = Release|Any CPU
		{6E725A25-9674-4EDC-AB87-16EB9D496564}.Debug|Any CPU.ActiveCfg = Debug|Any CPU
		{6E725A25-9674-4EDC-AB87-16EB9D496564}.Debug|Any CPU.Build.0 = Debug|Any CPU
		{6E725A25-9674-4EDC-AB87-16EB9D496564}.Release|Any CPU.ActiveCfg = Release|Any CPU
		{6E725A25-9674-4EDC-AB87-16EB9D496564}.Release|Any CPU.Build.0 = Release|Any CPU
	EndGlobalSection
	GlobalSection(SolutionProperties) = preSolution
		HideSolutionNode = FALSE
	EndGlobalSection
	GlobalSection(ExtensibilityGlobals) = postSolution
		SolutionGuid = {F3172CCC-0072-4F9F-945D-485681DCBEB9}
	EndGlobalSection
EndGlobal
